
Microsoft Visual Studio Solution File, Format Version 12.00
Project("{FAE04EC0-301F-11D3-BF4B-00C04F79EFBC}") = "IDT.Boss.FeeService.Api", "src\IDT.Boss.FeeService.Api\IDT.Boss.FeeService.Api.csproj", "{DBCBEC8D-A8D9-4890-A618-4EFB028DB4C3}"
EndProject
Global
	GlobalSection(SolutionConfigurationPlatforms) = preSolution
		Debug|Any CPU = Debug|Any CPU
		Release|Any CPU = Release|Any CPU
	EndGlobalSection
	GlobalSection(ProjectConfigurationPlatforms) = postSolution
		{DBCBEC8D-A8D9-4890-A618-4EFB028DB4C3}.Debug|Any CPU.ActiveCfg = Debug|Any CPU
		{DBCBEC8D-A8D9-4890-A618-4EFB028DB4C3}.Debug|Any CPU.Build.0 = Debug|Any CPU
		{DBCBEC8D-A8D9-4890-A618-4EFB028DB4C3}.Release|Any CPU.ActiveCfg = Release|Any CPU
		{DBCBEC8D-A8D9-4890-A618-4EFB028DB4C3}.Release|Any CPU.Build.0 = Release|Any CPU
	EndGlobalSection
EndGlobal
